{
  "version": 4,
  "terraform_version": "1.10.5",
  "serial": 29,
  "lineage": "cb0b97ed-64cf-97b3-b1b1-b3272dcccb18",
  "outputs": {
    "cluster_endpoint": {
      "value": "34.168.147.93",
      "type": "string"
    },
    "cluster_location": {
      "value": "us-west1-a",
      "type": "string"
    },
    "cluster_name": {
      "value": "nextgenmath-cluster",
      "type": "string"
    },
    "db_connection_name": {
      "value": "mathquix:us-west1:nextgenmath-db-instance",
      "type": "string"
    },
    "db_instance_name": {
      "value": "nextgenmath-db-instance",
      "type": "string"
    }
  },
  "resources": [
    {
      "mode": "managed",
      "type": "google_container_cluster",
      "name": "primary",
      "provider": "provider[\"registry.terraform.io/hashicorp/google\"]",
      "instances": [
        {
          "schema_version": 2,
          "attributes": {
            "addons_config": [
              {
                "cloudrun_config": [],
                "config_connector_config": [],
                "dns_cache_config": [],
                "gce_persistent_disk_csi_driver_config": [
                  {
                    "enabled": true
                  }
                ],
                "gcp_filestore_csi_driver_config": [],
                "gcs_fuse_csi_driver_config": [],
                "gke_backup_agent_config": [],
                "horizontal_pod_autoscaling": [],
                "http_load_balancing": [],
                "network_policy_config": [
                  {
                    "disabled": true
                  }
                ],
                "parallelstore_csi_driver_config": [],
                "ray_operator_config": [],
                "stateful_ha_config": []
              }
            ],
            "allow_net_admin": null,
            "authenticator_groups_config": [],
            "binary_authorization": [
              {
                "enabled": false,
                "evaluation_mode": ""
              }
            ],
            "cluster_autoscaling": [
              {
                "auto_provisioning_defaults": [],
                "auto_provisioning_locations": [],
                "autoscaling_profile": "BALANCED",
                "enabled": false,
                "resource_limits": []
              }
            ],
            "cluster_ipv4_cidr": "10.64.0.0/14",
            "confidential_nodes": [],
            "control_plane_endpoints_config": [
              {
                "dns_endpoint_config": [
                  {
                    "allow_external_traffic": false,
                    "endpoint": "gke-d66b2ef119644dd5ab59e450401254bf6736-618479545522.us-west1-a.gke.goog"
                  }
                ]
              }
            ],
            "cost_management_config": [],
            "database_encryption": [
              {
                "key_name": "",
                "state": "DECRYPTED"
              }
            ],
            "datapath_provider": "",
            "default_max_pods_per_node": 110,
            "default_snat_status": [
              {
                "disabled": false
              }
            ],
            "deletion_protection": false,
            "description": "",
            "dns_config": [],
            "effective_labels": {
              "goog-terraform-provisioned": "true"
            },
            "enable_autopilot": false,
            "enable_cilium_clusterwide_network_policy": false,
            "enable_fqdn_network_policy": false,
            "enable_intranode_visibility": false,
            "enable_k8s_beta_apis": [],
            "enable_kubernetes_alpha": false,
            "enable_l4_ilb_subsetting": false,
            "enable_legacy_abac": false,
            "enable_multi_networking": false,
            "enable_shielded_nodes": true,
            "enable_tpu": false,
            "endpoint": "34.168.147.93",
            "enterprise_config": [
              {
                "cluster_tier": "STANDARD",
                "desired_tier": ""
              }
            ],
            "fleet": [],
            "gateway_api_config": [],
            "id": "projects/618479545522/locations/us-west1-a/clusters/nextgenmath-cluster",
            "identity_service_config": [],
            "initial_node_count": 1,
            "ip_allocation_policy": [
              {
                "additional_pod_ranges_config": [],
                "cluster_ipv4_cidr_block": "10.64.0.0/14",
                "cluster_secondary_range_name": "gke-nextgenmath-cluster-pods-d66b2ef1",
                "pod_cidr_overprovision_config": [
                  {
                    "disabled": false
                  }
                ],
                "services_ipv4_cidr_block": "34.118.224.0/20",
                "services_secondary_range_name": "",
                "stack_type": "IPV4"
              }
            ],
            "label_fingerprint": "78cdf2f6",
            "location": "us-west1-a",
            "logging_config": [
              {
                "enable_components": [
                  "SYSTEM_COMPONENTS",
                  "WORKLOADS"
                ]
              }
            ],
            "logging_service": "logging.googleapis.com/kubernetes",
            "maintenance_policy": [],
            "master_auth": [
              {
                "client_certificate": "",
                "client_certificate_config": [
                  {
                    "issue_client_certificate": false
                  }
                ],
                "client_key": "",
                "cluster_ca_certificate": "LS0tLS1CRUdJTiBDRVJUSUZJQ0FURS0tLS0tCk1JSUVMRENDQXBTZ0F3SUJBZ0lRTUpiSk9EbzBKUEtUd3E4Zzc3c2x6ekFOQmdrcWhraUc5dzBCQVFzRkFEQXYKTVMwd0t3WURWUVFERXlSbFlUQm1abVUxTXkxaU1qSTFMVFEyTm1VdFlXSmtZeTFrTmpaa01EbGtabUZoTldNdwpJQmNOTWpVd01qSTRNVFl6TlRReFdoZ1BNakExTlRBeU1qRXhOek0xTkRGYU1DOHhMVEFyQmdOVkJBTVRKR1ZoCk1HWm1aVFV6TFdJeU1qVXRORFkyWlMxaFltUmpMV1EyTm1Rd09XUm1ZV0UxWXpDQ0FhSXdEUVlKS29aSWh2Y04KQVFFQkJRQURnZ0dQQURDQ0FZb0NnZ0dCQUt2V2ZTaWpBQXpRd3pNVVhkN1hQZEMxK0lJYkZ0Ui91c3p2MGFWQgp4OS9aYjlxQ0tUV2xOUWFpMjNNU3V1OUhSdWhzRGIvTE56UXYvQkVuZmpwVEdLTjZZVmZGdFF6RzFXbzFjRndyCi9QVmZwdG1xTWRjeU1YZ2RRTS9NM0JrV0FwYS9HL2p2Ni9FSzlCdExzSUVMSEt4YWhEMDkyRGRRMFh0ai9hR2QKUXV1YjBYVGdBSFYvTjZuTUcvL0laUGtIYU9qcFFaTGFIaEhFY3FXSUtYTUJ5Sy9aWFNWWUxwTy9TN0J1MmdBcQp1QmZMTUJjUFZ5YkhDTnpQeTd6VWtOWUJ2Wk1yVXJRNzJ0QVdDQlErV1RxKzRRSkVYM0tXbWNWYk1IYmdjZ2ZxCjc2OEUyQ3lkUmhDWXMrTEFySmR5NTVoc2MyQm12eEtjNk95REhyWVVoOWhPOFdmRmZoU2EyNTlaTXVPZzJyNVMKMXQwei90MGVVeGZudkxFbDFPZFdEWEZnYmNRdzZXZlFBSnh3QjR0ZWU3VE9IVE9sWjJoWVhOR0NCZlVsaHVhYgpNUVE1RmJweXFLV0Z1cEx3YlV6N05vMEo5VlhHTFdLU1FhcStYZGd3a1RpeXorWmk4MEpYdDNuUlFzMy9yMm9kCnRuUTF0UzgvYk9mT3hjbEpxZ2FtWUEzYkdRSURBUUFCbzBJd1FEQU9CZ05WSFE4QkFmOEVCQU1DQWdRd0R3WUQKVlIwVEFRSC9CQVV3QXdFQi96QWRCZ05WSFE0RUZnUVVjTGNYUFYvUXg1TVlLRE1TWDVLQkpFT1hKdUF3RFFZSgpLb1pJaHZjTkFRRUxCUUFEZ2dHQkFCTldCdmVzb2R0MFJGQ1dqbmI2ekdERmhQWjZ4em1QUHdLcG4yTGZ3bTBYCnNZZTM1eFJZejRFeTQ5eTFDU2NKa0NpTWlMWXBIMUdiaEFXMVRTYUUrMS9neE1YeEtlNGVpWU1LVzR4eUpnNUQKUnhuQ0NMa1VocklvR0RxK3hiT043TWNuM3pRY2tHcTJSNEE1eHVBL3VKaWNzbmZkRlg1d2tNKzlhMEFEMjVJbQpFKzVUYjBNRmFiUmQ0Z0E1aFk4aDA4clcwRnphMEJ5cFFYNWxaL2hNZHk2VVpOcDhsUnpubklwQ0ZkeG9qVk0xCjJ6OEJLYmZZOTIrbUZuK1dXbkJ5Z3p0UEp2SURYNGJSWTVFazVpTEZxWDVaZzhlaHh5cDlCQ0p4QWhpK2hFSG0KMlJsbk5xRis2MVMwdUplSGhtWGd2OTZOdklWTVVMNFg3WmZmK0FpUjhIaXpEaFNBc0JBNnBTU3AydEFibVl5ZApPRllwbGpsRnNxT3pEc2ZuQ0hocEQvVGZleVcwcTI2Y24yQTBlWjFzQm9IcXpFbGhYeXVOcVB2VHc1blMzWU9HCkEvTWh3L3VFRWljZVlBZnptYkduRjhXSTYrZ01yWHdET0lRS2FYWjNlaS9kY0pYaWFleFJxcWN6RHFQc01oTksKU2tGL0NocGtPbG9CbHVobzQxdkdCQT09Ci0tLS0tRU5EIENFUlRJRklDQVRFLS0tLS0K"
              }
            ],
            "master_authorized_networks_config": [],
            "master_version": "1.31.5-gke.1068000",
            "mesh_certificates": [],
            "min_master_version": null,
            "monitoring_config": [
              {
                "advanced_datapath_observability_config": [
                  {
                    "enable_metrics": false,
                    "enable_relay": false
                  }
                ],
                "enable_components": [
                  "SYSTEM_COMPONENTS",
                  "DEPLOYMENT",
                  "STATEFULSET",
                  "STORAGE",
                  "HPA",
                  "POD",
                  "DAEMONSET",
                  "CADVISOR",
                  "KUBELET"
                ],
                "managed_prometheus": [
                  {
                    "enabled": true
                  }
                ]
              }
            ],
            "monitoring_service": "monitoring.googleapis.com/kubernetes",
            "name": "nextgenmath-cluster",
            "network": "projects/mathquix/global/networks/default",
            "network_policy": [
              {
                "enabled": false,
                "provider": "PROVIDER_UNSPECIFIED"
              }
            ],
            "networking_mode": "VPC_NATIVE",
            "node_config": [],
            "node_locations": [],
            "node_pool": [],
            "node_pool_auto_config": [],
            "node_pool_defaults": [
              {
                "node_config_defaults": [
                  {
                    "containerd_config": [],
                    "gcfs_config": [],
                    "insecure_kubelet_readonly_port_enabled": "FALSE",
                    "logging_variant": "DEFAULT"
                  }
                ]
              }
            ],
            "node_version": "1.31.5-gke.1068000",
            "notification_config": [
              {
                "pubsub": [
                  {
                    "enabled": false,
                    "filter": [],
                    "topic": ""
                  }
                ]
              }
            ],
            "operation": null,
            "private_cluster_config": [
              {
                "enable_private_endpoint": false,
                "enable_private_nodes": false,
                "master_global_access_config": [
                  {
                    "enabled": false
                  }
                ],
                "master_ipv4_cidr_block": "",
                "peering_name": "",
                "private_endpoint": "10.138.0.10",
                "private_endpoint_subnetwork": "",
                "public_endpoint": "34.168.147.93"
              }
            ],
            "private_ipv6_google_access": "",
            "project": "618479545522",
            "release_channel": [
              {
                "channel": "REGULAR"
              }
            ],
            "remove_default_node_pool": true,
            "resource_labels": null,
            "resource_usage_export_config": [],
            "secret_manager_config": [
              {
                "enabled": false
              }
            ],
            "security_posture_config": [
              {
                "mode": "BASIC",
                "vulnerability_mode": "VULNERABILITY_MODE_UNSPECIFIED"
              }
            ],
            "self_link": "https://container.googleapis.com/v1/projects/mathquix/zones/us-west1-a/clusters/nextgenmath-cluster",
            "service_external_ips_config": [
              {
                "enabled": false
              }
            ],
            "services_ipv4_cidr": "34.118.224.0/20",
            "subnetwork": "projects/mathquix/regions/us-west1/subnetworks/default",
            "terraform_labels": {
              "goog-terraform-provisioned": "true"
            },
            "timeouts": null,
            "tpu_ipv4_cidr_block": "",
            "user_managed_keys_config": [],
            "vertical_pod_autoscaling": [],
            "workload_identity_config": []
          },
          "sensitive_attributes": [
            [
              {
                "type": "get_attr",
                "value": "master_auth"
              },
              {
                "type": "index",
                "value": {
                  "value": 0,
                  "type": "number"
                }
              },
              {
                "type": "get_attr",
                "value": "client_key"
              }
            ]
          ],
          "private": "eyJlMmJmYjczMC1lY2FhLTExZTYtOGY4OC0zNDM2M2JjN2M0YzAiOnsiY3JlYXRlIjoyNDAwMDAwMDAwMDAwLCJkZWxldGUiOjI0MDAwMDAwMDAwMDAsInJlYWQiOjI0MDAwMDAwMDAwMDAsInVwZGF0ZSI6MzYwMDAwMDAwMDAwMH0sInNjaGVtYV92ZXJzaW9uIjoiMiJ9"
        }
      ]
    },
    {
      "mode": "managed",
      "type": "google_container_node_pool",
      "name": "primary_nodes",
      "provider": "provider[\"registry.terraform.io/hashicorp/google\"]",
      "instances": [
        {
          "schema_version": 1,
          "attributes": {
            "autoscaling": [],
            "cluster": "nextgenmath-cluster",
            "id": "projects/618479545522/locations/us-west1-a/clusters/nextgenmath-cluster/nodePools/nextgenmath-node-pool",
            "initial_node_count": 1,
            "instance_group_urls": [
              "https://www.googleapis.com/compute/v1/projects/618479545522/zones/us-west1-a/instanceGroupManagers/gke-nextgenmath-clus-nextgenmath-node-139c7540-grp"
            ],
            "location": "us-west1-a",
            "managed_instance_group_urls": [
              "https://www.googleapis.com/compute/v1/projects/mathquix/zones/us-west1-a/instanceGroups/gke-nextgenmath-clus-nextgenmath-node-139c7540-grp"
            ],
            "management": [
              {
                "auto_repair": true,
                "auto_upgrade": true
              }
            ],
            "max_pods_per_node": 110,
            "name": "nextgenmath-node-pool",
            "name_prefix": "",
            "network_config": [
              {
                "additional_node_network_configs": [],
                "additional_pod_network_configs": [],
                "create_pod_range": false,
                "enable_private_nodes": false,
                "network_performance_config": [],
                "pod_cidr_overprovision_config": [],
                "pod_ipv4_cidr_block": "10.64.0.0/14",
                "pod_range": "gke-nextgenmath-cluster-pods-d66b2ef1"
              }
            ],
            "node_config": [
              {
                "advanced_machine_features": [],
                "boot_disk_kms_key": "",
                "confidential_nodes": [],
                "containerd_config": [],
                "disk_size_gb": 100,
                "disk_type": "pd-balanced",
                "effective_taints": [],
                "enable_confidential_storage": false,
                "ephemeral_storage_local_ssd_config": [],
                "fast_socket": [],
                "gcfs_config": [],
                "guest_accelerator": [],
                "gvnic": [],
                "host_maintenance_policy": [],
                "image_type": "COS_CONTAINERD",
                "kubelet_config": [
                  {
                    "allowed_unsafe_sysctls": [],
                    "container_log_max_files": 0,
                    "container_log_max_size": "",
                    "cpu_cfs_quota": false,
                    "cpu_cfs_quota_period": "",
                    "cpu_manager_policy": "",
                    "image_gc_high_threshold_percent": 0,
                    "image_gc_low_threshold_percent": 0,
                    "image_maximum_gc_age": "",
                    "image_minimum_gc_age": "",
                    "insecure_kubelet_readonly_port_enabled": "TRUE",
                    "pod_pids_limit": 0
                  }
                ],
                "labels": {},
                "linux_node_config": [],
                "local_nvme_ssd_block_config": [],
                "local_ssd_count": 0,
                "local_ssd_encryption_mode": "",
                "logging_variant": "DEFAULT",
                "machine_type": "e2-medium",
                "max_run_duration": "",
                "metadata": {
                  "disable-legacy-endpoints": "true"
                },
                "min_cpu_platform": "",
                "node_group": "",
                "oauth_scopes": [
                  "https://www.googleapis.com/auth/cloud-platform"
                ],
                "preemptible": true,
                "reservation_affinity": [],
                "resource_labels": {
                  "goog-gke-node-pool-provisioning-model": "spot"
                },
                "resource_manager_tags": null,
                "secondary_boot_disks": [],
                "service_account": "default",
                "shielded_instance_config": [
                  {
                    "enable_integrity_monitoring": true,
                    "enable_secure_boot": false
                  }
                ],
                "sole_tenant_config": [],
                "spot": false,
                "storage_pools": null,
                "tags": null,
                "taint": [],
                "workload_metadata_config": []
              }
            ],
            "node_count": 1,
            "node_locations": [
              "us-west1-a"
            ],
            "operation": null,
            "placement_policy": [],
            "project": "618479545522",
            "queued_provisioning": [],
            "timeouts": null,
            "upgrade_settings": [
              {
                "blue_green_settings": [],
                "max_surge": 1,
                "max_unavailable": 0,
                "strategy": "SURGE"
              }
            ],
            "version": "1.31.5-gke.1068000"
          },
          "sensitive_attributes": [],
          "private": "eyJlMmJmYjczMC1lY2FhLTExZTYtOGY4OC0zNDM2M2JjN2M0YzAiOnsiY3JlYXRlIjoxODAwMDAwMDAwMDAwLCJkZWxldGUiOjE4MDAwMDAwMDAwMDAsInVwZGF0ZSI6MTgwMDAwMDAwMDAwMH0sInNjaGVtYV92ZXJzaW9uIjoiMSJ9",
          "dependencies": [
            "google_container_cluster.primary"
          ]
        }
      ]
    },
    {
      "mode": "managed",
      "type": "google_sql_database_instance",
      "name": "nextgenmath_db_instance",
      "provider": "provider[\"registry.terraform.io/hashicorp/google\"]",
      "instances": [
        {
          "schema_version": 0,
          "attributes": {
            "available_maintenance_versions": [],
            "clone": [],
            "connection_name": "mathquix:us-west1:nextgenmath-db-instance",
            "database_version": "MYSQL_8_0",
            "deletion_protection": true,
            "dns_name": "",
            "encryption_key_name": null,
            "first_ip_address": "35.247.86.41",
            "id": "nextgenmath-db-instance",
            "instance_type": "CLOUD_SQL_INSTANCE",
            "ip_address": [
              {
                "ip_address": "35.247.86.41",
                "time_to_retire": "",
                "type": "PRIMARY"
              }
            ],
            "maintenance_version": "MYSQL_8_0_37.R20241208.01_04",
            "master_instance_name": "",
            "name": "nextgenmath-db-instance",
            "private_ip_address": "",
            "project": "mathquix",
            "psc_service_attachment_link": "",
            "public_ip_address": "35.247.86.41",
            "region": "us-west1",
            "replica_configuration": [],
            "replica_names": [],
            "replication_cluster": [
              {
                "dr_replica": false,
                "failover_dr_replica_name": ""
              }
            ],
            "restore_backup_context": [],
            "root_password": null,
            "self_link": "https://sqladmin.googleapis.com/sql/v1beta4/projects/mathquix/instances/nextgenmath-db-instance",
            "server_ca_cert": [
              {
                "cert": "-----BEGIN CERTIFICATE-----\nMIIDfzCCAmegAwIBAgIBADANBgkqhkiG9w0BAQsFADB3MS0wKwYDVQQuEyQ3Nzg0\nZmIxNy0wOWI2LTQ5NTMtYjYzZi0xMjE2YWM4Y2I0MDcxIzAhBgNVBAMTGkdvb2ds\nZSBDbG91ZCBTUUwgU2VydmVyIENBMRQwEgYDVQQKEwtHb29nbGUsIEluYzELMAkG\nA1UEBhMCVVMwHhcNMjUwMjI4MDAwMDQwWhcNMzUwMjI2MDAwMTQwWjB3MS0wKwYD\nVQQuEyQ3Nzg0ZmIxNy0wOWI2LTQ5NTMtYjYzZi0xMjE2YWM4Y2I0MDcxIzAhBgNV\nBAMTGkdvb2dsZSBDbG91ZCBTUUwgU2VydmVyIENBMRQwEgYDVQQKEwtHb29nbGUs\nIEluYzELMAkGA1UEBhMCVVMwggEiMA0GCSqGSIb3DQEBAQUAA4IBDwAwggEKAoIB\nAQClB/dcik9o+woRC8wsBitOIP9lyqU7s57OzsAUQ0kZak3WhdfnPHXnCLWqNMna\nE5aF0BFm0ZDKw6YLOw01DeF/kqLLmpUzW7sOrf5HoehQDE+Ql6vzaKX2y3BbauMd\nOiGROXTHJ+WeZaBmFGaOnkKugG9dIYGFe7i201qV2tn5b+b3n2fi/vagnqkJ7QCC\nCII1PdR9dpFbiRzEoNpF9F47Ij5V9SxcfOLdB3FAMV09ClO1zBqvxI+LpldlVK3l\nXLxrbTh/DLYYajVCD7q+qb0OonPfEPN+GZGsVRTOUJK2EkUs06eNWAfZUimAjG7q\nb2jXBui5psrmIyZOuLh0chJvAgMBAAGjFjAUMBIGA1UdEwEB/wQIMAYBAf8CAQAw\nDQYJKoZIhvcNAQELBQADggEBADNpWBHoRCfyexqwtqndd+kepG8CjKaea8fPlzAR\n7v6ig/dPfkDwL7IvUxmA9mkQf7/hm8+Q4oqc6F8TwdSsibLmX0/4PuzmRrMbBXrb\nEJP+fHKhfEOzBQ0P1SxYRPYA/ULWX+f4CPIh5Ehf9gIfofP65grB+0cAhR27XTuG\nh6LdrHUMCThrnUOEpaU0IUkNFd4INAmj4a7A0WMn+hgW4dpNUtbQ72CS1ImDNQaW\nwj6rAu4FU4kykv9csS5udgZmeCuPr2q4elnDA+o5evOQ5b8Bne+Xzez0GZRm1kpM\nkyapHD4UYwF+bK6y5lOpU7VM71rgvyGvgfUgWnhGGzNWrTs=\n-----END CERTIFICATE-----",
                "common_name": "C=US,O=Google\\, Inc,CN=Google Cloud SQL Server CA,dnQualifier=7784fb17-09b6-4953-b63f-1216ac8cb407",
                "create_time": "2025-02-28T00:00:40.705Z",
                "expiration_time": "2035-02-26T00:01:40.705Z",
                "sha1_fingerprint": "e594e4542f9ba8aa6bfb371a5c6cadfa01da28b4"
              }
            ],
            "service_account_email_address": "p618479545522-6r4yq6@gcp-sa-cloud-sql.iam.gserviceaccount.com",
            "settings": [
              {
                "activation_policy": "ALWAYS",
                "active_directory_config": [],
                "advanced_machine_features": [],
                "availability_type": "ZONAL",
                "backup_configuration": [
                  {
                    "backup_retention_settings": [
                      {
                        "retained_backups": 7,
                        "retention_unit": "COUNT"
                      }
                    ],
                    "binary_log_enabled": false,
                    "enabled": false,
                    "location": "",
                    "point_in_time_recovery_enabled": false,
                    "start_time": "15:00",
                    "transaction_log_retention_days": 7
                  }
                ],
                "collation": "",
                "connector_enforcement": "NOT_REQUIRED",
                "data_cache_config": [
                  {
                    "data_cache_enabled": false
                  }
                ],
                "database_flags": [],
                "deletion_protection_enabled": false,
                "deny_maintenance_period": [],
                "disk_autoresize": true,
                "disk_autoresize_limit": 0,
                "disk_size": 10,
                "disk_type": "PD_SSD",
                "edition": "ENTERPRISE",
                "enable_dataplex_integration": false,
                "enable_google_ml_integration": false,
                "insights_config": [],
                "ip_configuration": [
                  {
                    "allocated_ip_range": "",
                    "authorized_networks": [],
                    "enable_private_path_for_google_cloud_services": false,
                    "ipv4_enabled": true,
                    "private_network": "",
                    "psc_config": [],
                    "server_ca_mode": "GOOGLE_MANAGED_INTERNAL_CA",
                    "server_ca_pool": "",
                    "ssl_mode": "ALLOW_UNENCRYPTED_AND_ENCRYPTED"
                  }
                ],
                "location_preference": [
                  {
                    "follow_gae_application": "",
                    "secondary_zone": "",
                    "zone": "us-west1-a"
                  }
                ],
                "maintenance_window": [],
                "password_validation_policy": [],
                "pricing_plan": "PER_USE",
                "sql_server_audit_config": [],
                "tier": "db-f1-micro",
                "time_zone": "",
                "user_labels": {},
                "version": 2
              }
            ],
            "timeouts": null
          },
          "sensitive_attributes": [
            [
              {
                "type": "get_attr",
                "value": "root_password"
              }
            ],
            [
              {
                "type": "get_attr",
                "value": "server_ca_cert"
              }
            ]
          ],
          "private": "eyJlMmJmYjczMC1lY2FhLTExZTYtOGY4OC0zNDM2M2JjN2M0YzAiOnsiY3JlYXRlIjo1NDAwMDAwMDAwMDAwLCJkZWxldGUiOjU0MDAwMDAwMDAwMDAsInVwZGF0ZSI6NTQwMDAwMDAwMDAwMH0sInNjaGVtYV92ZXJzaW9uIjoiMCJ9"
        }
      ]
    }
  ],
  "check_results": null
}
